{
  "version": 4,
  "terraform_version": "1.6.5",
  "serial": 1,
  "lineage": "dc98e2da-749f-e133-0bf9-2371e401044f",
  "outputs": {},
  "resources": [
    {
      "mode": "managed",
      "type": "docker_image",
      "name": "nginx",
      "provider": "provider[\"registry.terraform.io/kreuzwerker/docker\"]",
      "instances": [
        {
          "schema_version": 0,
          "attributes": {
            "build": [],
            "force_remove": null,
            "id": "sha256:298ec0e28760b8eb1aad79711dc29c19041c61d7cf342dd1f445e91f30500549nginx:1.19.6",
            "image_id": "sha256:298ec0e28760b8eb1aad79711dc29c19041c61d7cf342dd1f445e91f30500549",
            "keep_locally": true,
            "name": "nginx:1.19.6",
            "platform": null,
            "pull_triggers": null,
            "repo_digest": "nginx@sha256:8e10956422503824ebb599f37c26a90fe70541942687f70bbdb744530fc9eba4",
            "triggers": null
          },
          "sensitive_attributes": [],
          "private": "bnVsbA=="
        }
      ]
    }
  ],
  "check_results": null
}
